
Microsoft Visual Studio Solution File, Format Version 12.00
# Visual Studio Version 17
VisualStudioVersion = 17.0.31903.59
MinimumVisualStudioVersion = 10.0.40219.1
Project("{2150E333-8FDC-42A3-9474-1A3956D46DE8}") = "API", "API", "{90A90058-5251-4394-8A71-2E6774797107}"
EndProject
Project("{FAE04EC0-301F-11D3-BF4B-00C04F79EFBC}") = "Fetcharr.API", "API\src\Fetcharr.API.csproj", "{BE9125CB-FFDE-400E-A43C-70A146987832}"
EndProject
Project("{2150E333-8FDC-42A3-9474-1A3956D46DE8}") = "Models", "Models", "{1C6E61F5-D6A4-4256-9419-207296F6D63F}"
EndProject
Project("{FAE04EC0-301F-11D3-BF4B-00C04F79EFBC}") = "Fetcharr.Models", "Models\src\Fetcharr.Models.csproj", "{DCA4F0BD-7D77-4DE4-ABE7-8BC7D3D38215}"
EndProject
Project("{2150E333-8FDC-42A3-9474-1A3956D46DE8}") = "Provider.Plex", "Provider.Plex", "{E8AC989B-9966-497A-B2C6-C220856AFA59}"
EndProject
Project("{FAE04EC0-301F-11D3-BF4B-00C04F79EFBC}") = "Fetcharr.Provider.Plex", "Provider.Plex\src\Fetcharr.Provider.Plex.csproj", "{BA491B54-5D19-45DF-B5CC-D6AD7C5B4830}"
EndProject
Project("{2150E333-8FDC-42A3-9474-1A3956D46DE8}") = "Provider.Sonarr", "Provider.Sonarr", "{3750EECB-F1B5-4D78-A668-B9012B397BC1}"
EndProject
Project("{FAE04EC0-301F-11D3-BF4B-00C04F79EFBC}") = "Fetcharr.Provider.Sonarr", "Provider.Sonarr\src\Fetcharr.Provider.Sonarr.csproj", "{B410759A-D457-4B89-BAB5-7E3BB44FA94E}"
EndProject
Project("{2150E333-8FDC-42A3-9474-1A3956D46DE8}") = "Shared", "Shared", "{ECCFF02C-3E3E-4E0B-88F1-218379B9EAD1}"
EndProject
Project("{FAE04EC0-301F-11D3-BF4B-00C04F79EFBC}") = "Fetcharr.Shared", "Shared\src\Fetcharr.Shared.csproj", "{28332F4D-AB5C-4F2F-976F-BF6FC2A2812F}"
EndProject
Project("{2150E333-8FDC-42A3-9474-1A3956D46DE8}") = "Provider", "Provider", "{CEC5F0AD-9BBF-408B-AB6D-25D006467379}"
EndProject
Project("{FAE04EC0-301F-11D3-BF4B-00C04F79EFBC}") = "Fetcharr.Provider", "Provider\src\Fetcharr.Provider.csproj", "{93D68C09-78AE-4515-AA1E-9240B142AF71}"
EndProject
Project("{2150E333-8FDC-42A3-9474-1A3956D46DE8}") = "Cache", "Cache", "{2B800DD6-5079-4E56-BFBB-4BF2C5B011A7}"
EndProject
Project("{2150E333-8FDC-42A3-9474-1A3956D46DE8}") = "Core", "Core", "{AD139C9E-1926-4978-AFD9-669536E424E2}"
EndProject
Project("{FAE04EC0-301F-11D3-BF4B-00C04F79EFBC}") = "Fetcharr.Cache.Core", "Cache\Core\src\Fetcharr.Cache.Core.csproj", "{33A367E1-21B5-43D2-AE49-3E95FEF4A7BC}"
EndProject
Project("{2150E333-8FDC-42A3-9474-1A3956D46DE8}") = "SQLite", "SQLite", "{1534F614-385C-47F2-B5B8-92BBA78B50C8}"
EndProject
Project("{FAE04EC0-301F-11D3-BF4B-00C04F79EFBC}") = "Fetcharr.Cache.SQLite", "Cache\SQLite\src\Fetcharr.Cache.SQLite.csproj", "{9AEFDAC4-B5E4-4AF3-90A9-FD9431C67850}"
EndProject
Project("{2150E333-8FDC-42A3-9474-1A3956D46DE8}") = "InMemory", "InMemory", "{B4645932-007A-4A19-85DA-C8C52ABDA575}"
EndProject
Project("{FAE04EC0-301F-11D3-BF4B-00C04F79EFBC}") = "Fetcharr.Cache.InMemory", "Cache\InMemory\src\Fetcharr.Cache.InMemory.csproj", "{20DD0240-109D-4127-9AA3-A1B20741B1EB}"
EndProject
Project("{2150E333-8FDC-42A3-9474-1A3956D46DE8}") = "Hybrid", "Hybrid", "{E3DA3FCE-AD25-419A-A5DE-326B37ED89F4}"
EndProject
Project("{FAE04EC0-301F-11D3-BF4B-00C04F79EFBC}") = "Fetcharr.Cache.Hybrid", "Cache\Hybrid\src\Fetcharr.Cache.Hybrid.csproj", "{E87E8E57-6462-4A2F-B306-05F839713680}"
EndProject
Project("{2150E333-8FDC-42A3-9474-1A3956D46DE8}") = "Provider.Radarr", "Provider.Radarr", "{6356721B-99FF-41D7-9247-31FFCCA50B2B}"
EndProject
Project("{FAE04EC0-301F-11D3-BF4B-00C04F79EFBC}") = "Fetcharr.Provider.Radarr", "Provider.Radarr\src\Fetcharr.Provider.Radarr.csproj", "{F256796E-28CF-4EBE-9CF3-095F972026AB}"
EndProject
Project("{FAE04EC0-301F-11D3-BF4B-00C04F79EFBC}") = "Fetcharr.Models.Tests", "Models\test\Fetcharr.Models.Tests.csproj", "{C21A3762-9A63-42AB-AADA-6D29E2989850}"
EndProject
Project("{FAE04EC0-301F-11D3-BF4B-00C04F79EFBC}") = "Fetcharr.Provider.Radarr.Tests", "Provider.Radarr\test\Fetcharr.Provider.Radarr.Tests.csproj", "{4E72A6D2-0EC3-485D-98CD-510D209DE8D6}"
EndProject
Project("{FAE04EC0-301F-11D3-BF4B-00C04F79EFBC}") = "Fetcharr.Provider.Sonarr.Tests", "Provider.Sonarr\test\Fetcharr.Provider.Sonarr.Tests.csproj", "{0107ADCD-6838-4157-A7EE-7E6F25365168}"
EndProject
Project("{FAE04EC0-301F-11D3-BF4B-00C04F79EFBC}") = "Fetcharr.Testing", "Testing\Fetcharr.Testing.csproj", "{DEB81592-A7E9-4C31-B987-883BE5E05C63}"
EndProject
Project("{9A19103F-16F7-4668-BE54-9A1E7A4F7556}") = "_build", "..\.build\_build.csproj", "{D16FCC25-0B25-49CA-A9A3-C101942C4796}"
EndProject
Global
	GlobalSection(SolutionConfigurationPlatforms) = preSolution
		Debug|Any CPU = Debug|Any CPU
		Release|Any CPU = Release|Any CPU
	EndGlobalSection
	GlobalSection(SolutionProperties) = preSolution
		HideSolutionNode = FALSE
	EndGlobalSection
	GlobalSection(ProjectConfigurationPlatforms) = postSolution
		{D16FCC25-0B25-49CA-A9A3-C101942C4796}.Debug|Any CPU.ActiveCfg = Debug|Any CPU
		{D16FCC25-0B25-49CA-A9A3-C101942C4796}.Release|Any CPU.ActiveCfg = Release|Any CPU
		{BE9125CB-FFDE-400E-A43C-70A146987832}.Debug|Any CPU.ActiveCfg = Debug|Any CPU
		{BE9125CB-FFDE-400E-A43C-70A146987832}.Debug|Any CPU.Build.0 = Debug|Any CPU
		{BE9125CB-FFDE-400E-A43C-70A146987832}.Release|Any CPU.ActiveCfg = Release|Any CPU
		{BE9125CB-FFDE-400E-A43C-70A146987832}.Release|Any CPU.Build.0 = Release|Any CPU
		{DCA4F0BD-7D77-4DE4-ABE7-8BC7D3D38215}.Debug|Any CPU.ActiveCfg = Debug|Any CPU
		{DCA4F0BD-7D77-4DE4-ABE7-8BC7D3D38215}.Debug|Any CPU.Build.0 = Debug|Any CPU
		{DCA4F0BD-7D77-4DE4-ABE7-8BC7D3D38215}.Release|Any CPU.ActiveCfg = Release|Any CPU
		{DCA4F0BD-7D77-4DE4-ABE7-8BC7D3D38215}.Release|Any CPU.Build.0 = Release|Any CPU
		{BA491B54-5D19-45DF-B5CC-D6AD7C5B4830}.Debug|Any CPU.ActiveCfg = Debug|Any CPU
		{BA491B54-5D19-45DF-B5CC-D6AD7C5B4830}.Debug|Any CPU.Build.0 = Debug|Any CPU
		{BA491B54-5D19-45DF-B5CC-D6AD7C5B4830}.Release|Any CPU.ActiveCfg = Release|Any CPU
		{BA491B54-5D19-45DF-B5CC-D6AD7C5B4830}.Release|Any CPU.Build.0 = Release|Any CPU
		{B410759A-D457-4B89-BAB5-7E3BB44FA94E}.Debug|Any CPU.ActiveCfg = Debug|Any CPU
		{B410759A-D457-4B89-BAB5-7E3BB44FA94E}.Debug|Any CPU.Build.0 = Debug|Any CPU
		{B410759A-D457-4B89-BAB5-7E3BB44FA94E}.Release|Any CPU.ActiveCfg = Release|Any CPU
		{B410759A-D457-4B89-BAB5-7E3BB44FA94E}.Release|Any CPU.Build.0 = Release|Any CPU
		{28332F4D-AB5C-4F2F-976F-BF6FC2A2812F}.Debug|Any CPU.ActiveCfg = Debug|Any CPU
		{28332F4D-AB5C-4F2F-976F-BF6FC2A2812F}.Debug|Any CPU.Build.0 = Debug|Any CPU
		{28332F4D-AB5C-4F2F-976F-BF6FC2A2812F}.Release|Any CPU.ActiveCfg = Release|Any CPU
		{28332F4D-AB5C-4F2F-976F-BF6FC2A2812F}.Release|Any CPU.Build.0 = Release|Any CPU
		{93D68C09-78AE-4515-AA1E-9240B142AF71}.Debug|Any CPU.ActiveCfg = Debug|Any CPU
		{93D68C09-78AE-4515-AA1E-9240B142AF71}.Debug|Any CPU.Build.0 = Debug|Any CPU
		{93D68C09-78AE-4515-AA1E-9240B142AF71}.Release|Any CPU.ActiveCfg = Release|Any CPU
		{93D68C09-78AE-4515-AA1E-9240B142AF71}.Release|Any CPU.Build.0 = Release|Any CPU
		{33A367E1-21B5-43D2-AE49-3E95FEF4A7BC}.Debug|Any CPU.ActiveCfg = Debug|Any CPU
		{33A367E1-21B5-43D2-AE49-3E95FEF4A7BC}.Debug|Any CPU.Build.0 = Debug|Any CPU
		{33A367E1-21B5-43D2-AE49-3E95FEF4A7BC}.Release|Any CPU.ActiveCfg = Release|Any CPU
		{33A367E1-21B5-43D2-AE49-3E95FEF4A7BC}.Release|Any CPU.Build.0 = Release|Any CPU
		{9AEFDAC4-B5E4-4AF3-90A9-FD9431C67850}.Debug|Any CPU.ActiveCfg = Debug|Any CPU
		{9AEFDAC4-B5E4-4AF3-90A9-FD9431C67850}.Debug|Any CPU.Build.0 = Debug|Any CPU
		{9AEFDAC4-B5E4-4AF3-90A9-FD9431C67850}.Release|Any CPU.ActiveCfg = Release|Any CPU
		{9AEFDAC4-B5E4-4AF3-90A9-FD9431C67850}.Release|Any CPU.Build.0 = Release|Any CPU
		{20DD0240-109D-4127-9AA3-A1B20741B1EB}.Debug|Any CPU.ActiveCfg = Debug|Any CPU
		{20DD0240-109D-4127-9AA3-A1B20741B1EB}.Debug|Any CPU.Build.0 = Debug|Any CPU
		{20DD0240-109D-4127-9AA3-A1B20741B1EB}.Release|Any CPU.ActiveCfg = Release|Any CPU
		{20DD0240-109D-4127-9AA3-A1B20741B1EB}.Release|Any CPU.Build.0 = Release|Any CPU
		{E87E8E57-6462-4A2F-B306-05F839713680}.Debug|Any CPU.ActiveCfg = Debug|Any CPU
		{E87E8E57-6462-4A2F-B306-05F839713680}.Debug|Any CPU.Build.0 = Debug|Any CPU
		{E87E8E57-6462-4A2F-B306-05F839713680}.Release|Any CPU.ActiveCfg = Release|Any CPU
		{E87E8E57-6462-4A2F-B306-05F839713680}.Release|Any CPU.Build.0 = Release|Any CPU
		{F256796E-28CF-4EBE-9CF3-095F972026AB}.Debug|Any CPU.ActiveCfg = Debug|Any CPU
		{F256796E-28CF-4EBE-9CF3-095F972026AB}.Debug|Any CPU.Build.0 = Debug|Any CPU
		{F256796E-28CF-4EBE-9CF3-095F972026AB}.Release|Any CPU.ActiveCfg = Release|Any CPU
		{F256796E-28CF-4EBE-9CF3-095F972026AB}.Release|Any CPU.Build.0 = Release|Any CPU
		{C21A3762-9A63-42AB-AADA-6D29E2989850}.Debug|Any CPU.ActiveCfg = Debug|Any CPU
		{C21A3762-9A63-42AB-AADA-6D29E2989850}.Debug|Any CPU.Build.0 = Debug|Any CPU
		{C21A3762-9A63-42AB-AADA-6D29E2989850}.Release|Any CPU.ActiveCfg = Release|Any CPU
		{C21A3762-9A63-42AB-AADA-6D29E2989850}.Release|Any CPU.Build.0 = Release|Any CPU
		{4E72A6D2-0EC3-485D-98CD-510D209DE8D6}.Debug|Any CPU.ActiveCfg = Debug|Any CPU
		{4E72A6D2-0EC3-485D-98CD-510D209DE8D6}.Debug|Any CPU.Build.0 = Debug|Any CPU
		{4E72A6D2-0EC3-485D-98CD-510D209DE8D6}.Release|Any CPU.ActiveCfg = Release|Any CPU
		{4E72A6D2-0EC3-485D-98CD-510D209DE8D6}.Release|Any CPU.Build.0 = Release|Any CPU
		{0107ADCD-6838-4157-A7EE-7E6F25365168}.Debug|Any CPU.ActiveCfg = Debug|Any CPU
		{0107ADCD-6838-4157-A7EE-7E6F25365168}.Debug|Any CPU.Build.0 = Debug|Any CPU
		{0107ADCD-6838-4157-A7EE-7E6F25365168}.Release|Any CPU.ActiveCfg = Release|Any CPU
		{0107ADCD-6838-4157-A7EE-7E6F25365168}.Release|Any CPU.Build.0 = Release|Any CPU
		{DEB81592-A7E9-4C31-B987-883BE5E05C63}.Debug|Any CPU.ActiveCfg = Debug|Any CPU
		{DEB81592-A7E9-4C31-B987-883BE5E05C63}.Debug|Any CPU.Build.0 = Debug|Any CPU
		{DEB81592-A7E9-4C31-B987-883BE5E05C63}.Release|Any CPU.ActiveCfg = Release|Any CPU
		{DEB81592-A7E9-4C31-B987-883BE5E05C63}.Release|Any CPU.Build.0 = Release|Any CPU
	EndGlobalSection
	GlobalSection(NestedProjects) = preSolution
		{BE9125CB-FFDE-400E-A43C-70A146987832} = {90A90058-5251-4394-8A71-2E6774797107}
		{DCA4F0BD-7D77-4DE4-ABE7-8BC7D3D38215} = {1C6E61F5-D6A4-4256-9419-207296F6D63F}
		{BA491B54-5D19-45DF-B5CC-D6AD7C5B4830} = {E8AC989B-9966-497A-B2C6-C220856AFA59}
		{B410759A-D457-4B89-BAB5-7E3BB44FA94E} = {3750EECB-F1B5-4D78-A668-B9012B397BC1}
		{28332F4D-AB5C-4F2F-976F-BF6FC2A2812F} = {ECCFF02C-3E3E-4E0B-88F1-218379B9EAD1}
		{93D68C09-78AE-4515-AA1E-9240B142AF71} = {CEC5F0AD-9BBF-408B-AB6D-25D006467379}
		{AD139C9E-1926-4978-AFD9-669536E424E2} = {2B800DD6-5079-4E56-BFBB-4BF2C5B011A7}
		{33A367E1-21B5-43D2-AE49-3E95FEF4A7BC} = {AD139C9E-1926-4978-AFD9-669536E424E2}
		{1534F614-385C-47F2-B5B8-92BBA78B50C8} = {2B800DD6-5079-4E56-BFBB-4BF2C5B011A7}
		{9AEFDAC4-B5E4-4AF3-90A9-FD9431C67850} = {1534F614-385C-47F2-B5B8-92BBA78B50C8}
		{B4645932-007A-4A19-85DA-C8C52ABDA575} = {2B800DD6-5079-4E56-BFBB-4BF2C5B011A7}
		{20DD0240-109D-4127-9AA3-A1B20741B1EB} = {B4645932-007A-4A19-85DA-C8C52ABDA575}
		{E3DA3FCE-AD25-419A-A5DE-326B37ED89F4} = {2B800DD6-5079-4E56-BFBB-4BF2C5B011A7}
		{E87E8E57-6462-4A2F-B306-05F839713680} = {E3DA3FCE-AD25-419A-A5DE-326B37ED89F4}
		{F256796E-28CF-4EBE-9CF3-095F972026AB} = {6356721B-99FF-41D7-9247-31FFCCA50B2B}
		{C21A3762-9A63-42AB-AADA-6D29E2989850} = {1C6E61F5-D6A4-4256-9419-207296F6D63F}
		{4E72A6D2-0EC3-485D-98CD-510D209DE8D6} = {6356721B-99FF-41D7-9247-31FFCCA50B2B}
		{0107ADCD-6838-4157-A7EE-7E6F25365168} = {3750EECB-F1B5-4D78-A668-B9012B397BC1}
	EndGlobalSection
EndGlobal
